// !$*UTF8*$!
{
	archiveVersion = 1;
	classes = {
	};
	objectVersion = 46;
	objects = {

/* Begin PBXBuildFile section */
		656971071C34CA2300D4A4B5 /* AppDelegate.swift in Sources */ = {isa = PBXBuildFile; fileRef = 656971061C34CA2300D4A4B5 /* AppDelegate.swift */; };
		656971091C34CA2300D4A4B5 /* ViewController.swift in Sources */ = {isa = PBXBuildFile; fileRef = 656971081C34CA2300D4A4B5 /* ViewController.swift */; };
		6569710C1C34CA2300D4A4B5 /* Main.storyboard in Resources */ = {isa = PBXBuildFile; fileRef = 6569710A1C34CA2300D4A4B5 /* Main.storyboard */; };
		6569710E1C34CA2300D4A4B5 /* Assets.xcassets in Resources */ = {isa = PBXBuildFile; fileRef = 6569710D1C34CA2300D4A4B5 /* Assets.xcassets */; };
		656971111C34CA2300D4A4B5 /* LaunchScreen.storyboard in Resources */ = {isa = PBXBuildFile; fileRef = 6569710F1C34CA2300D4A4B5 /* LaunchScreen.storyboard */; };
		6569711C1C34CA2400D4A4B5 /* SlideUnlockAnimationTests.swift in Sources */ = {isa = PBXBuildFile; fileRef = 6569711B1C34CA2400D4A4B5 /* SlideUnlockAnimationTests.swift */; };
		656971271C34CA2400D4A4B5 /* SlideUnlockAnimationUITests.swift in Sources */ = {isa = PBXBuildFile; fileRef = 656971261C34CA2400D4A4B5 /* SlideUnlockAnimationUITests.swift */; };
/* End PBXBuildFile section */

/* Begin PBXContainerItemProxy section */
		656971181C34CA2400D4A4B5 /* PBXContainerItemProxy */ = {
			isa = PBXContainerItemProxy;
			containerPortal = 656970FB1C34CA2300D4A4B5 /* Project object */;
			proxyType = 1;
			remoteGlobalIDString = 656971021C34CA2300D4A4B5;
			remoteInfo = SlideUnlockAnimation;
		};
		656971231C34CA2400D4A4B5 /* PBXContainerItemProxy */ = {
			isa = PBXContainerItemProxy;
			containerPortal = 656970FB1C34CA2300D4A4B5 /* Project object */;
			proxyType = 1;
			remoteGlobalIDString = 656971021C34CA2300D4A4B5;
			remoteInfo = SlideUnlockAnimation;
		};
/* End PBXContainerItemProxy section */

/* Begin PBXFileReference section */
		656971031C34CA2300D4A4B5 /* SlideUnlockAnimation.app */ = {isa = PBXFileReference; explicitFileType = wrapper.application; includeInIndex = 0; path = SlideUnlockAnimation.app; sourceTree = BUILT_PRODUCTS_DIR; };
		656971061C34CA2300D4A4B5 /* AppDelegate.swift */ = {isa = PBXFileReference; lastKnownFileType = sourcecode.swift; path = AppDelegate.swift; sourceTree = "<group>"; };
		656971081C34CA2300D4A4B5 /* ViewController.swift */ = {isa = PBXFileReference; lastKnownFileType = sourcecode.swift; path = ViewController.swift; sourceTree = "<group>"; };
		6569710B1C34CA2300D4A4B5 /* Base */ = {isa = PBXFileReference; lastKnownFileType = file.storyboard; name = Base; path = Base.lproj/Main.storyboard; sourceTree = "<group>"; };
		6569710D1C34CA2300D4A4B5 /* Assets.xcassets */ = {isa = PBXFileReference; lastKnownFileType = folder.assetcatalog; path = Assets.xcassets; sourceTree = "<group>"; };
		656971101C34CA2300D4A4B5 /* Base */ = {isa = PBXFileReference; lastKnownFileType = file.storyboard; name = Base; path = Base.lproj/LaunchScreen.storyboard; sourceTree = "<group>"; };
		656971121C34CA2300D4A4B5 /* Info.plist */ = {isa = PBXFileReference; lastKnownFileType = text.plist.xml; path = Info.plist; sourceTree = "<group>"; };
		656971171C34CA2400D4A4B5 /* SlideUnlockAnimationTests.xctest */ = {isa = PBXFileReference; explicitFileType = wrapper.cfbundle; includeInIndex = 0; path = SlideUnlockAnimationTests.xctest; sourceTree = BUILT_PRODUCTS_DIR; };
		6569711B1C34CA2400D4A4B5 /* SlideUnlockAnimationTests.swift */ = {isa = PBXFileReference; lastKnownFileType = sourcecode.swift; path = SlideUnlockAnimationTests.swift; sourceTree = "<group>"; };
		6569711D1C34CA2400D4A4B5 /* Info.plist */ = {isa = PBXFileReference; lastKnownFileType = text.plist.xml; path = Info.plist; sourceTree = "<group>"; };
		656971221C34CA2400D4A4B5 /* SlideUnlockAnimationUITests.xctest */ = {isa = PBXFileReference; explicitFileType = wrapper.cfbundle; includeInIndex = 0; path = SlideUnlockAnimationUITests.xctest; sourceTree = BUILT_PRODUCTS_DIR; };
		656971261C34CA2400D4A4B5 /* SlideUnlockAnimationUITests.swift */ = {isa = PBXFileReference; lastKnownFileType = sourcecode.swift; path = SlideUnlockAnimationUITests.swift; sourceTree = "<group>"; };
		656971281C34CA2400D4A4B5 /* Info.plist */ = {isa = PBXFileReference; lastKnownFileType = text.plist.xml; path = Info.plist; sourceTree = "<group>"; };
/* End PBXFileReference section */

/* Begin PBXFrameworksBuildPhase section */
		656971001C34CA2300D4A4B5 /* Frameworks */ = {
			isa = PBXFrameworksBuildPhase;
			buildActionMask = 2147483647;
			files = (
			);
			runOnlyForDeploymentPostprocessing = 0;
		};
		656971141C34CA2400D4A4B5 /* Frameworks */ = {
			isa = PBXFrameworksBuildPhase;
			buildActionMask = 2147483647;
			files = (
			);
			runOnlyForDeploymentPostprocessing = 0;
		};
		6569711F1C34CA2400D4A4B5 /* Frameworks */ = {
			isa = PBXFrameworksBuildPhase;
			buildActionMask = 2147483647;
			files = (
			);
			runOnlyForDeploymentPostprocessing = 0;
		};
/* End PBXFrameworksBuildPhase section */

/* Begin PBXGroup section */
		656970FA1C34CA2300D4A4B5 = {
			isa = PBXGroup;
			children = (
				656971051C34CA2300D4A4B5 /* SlideUnlockAnimation */,
				6569711A1C34CA2400D4A4B5 /* SlideUnlockAnimationTests */,
				656971251C34CA2400D4A4B5 /* SlideUnlockAnimationUITests */,
				656971041C34CA2300D4A4B5 /* Products */,
			);
			sourceTree = "<group>";
		};
		656971041C34CA2300D4A4B5 /* Products */ = {
			isa = PBXGroup;
			children = (
				656971031C34CA2300D4A4B5 /* SlideUnlockAnimation.app */,
				656971171C34CA2400D4A4B5 /* SlideUnlockAnimationTests.xctest */,
				656971221C34CA2400D4A4B5 /* SlideUnlockAnimationUITests.xctest */,
			);
			name = Products;
			sourceTree = "<group>";
		};
		656971051C34CA2300D4A4B5 /* SlideUnlockAnimation */ = {
			isa = PBXGroup;
			children = (
				656971061C34CA2300D4A4B5 /* AppDelegate.swift */,
				656971081C34CA2300D4A4B5 /* ViewController.swift */,
				6569710A1C34CA2300D4A4B5 /* Main.storyboard */,
				6569710D1C34CA2300D4A4B5 /* Assets.xcassets */,
				6569710F1C34CA2300D4A4B5 /* LaunchScreen.storyboard */,
				656971121C34CA2300D4A4B5 /* Info.plist */,
			);
			path = SlideUnlockAnimation;
			sourceTree = "<group>";
		};
		6569711A1C34CA2400D4A4B5 /* SlideUnlockAnimationTests */ = {
			isa = PBXGroup;
			children = (
				6569711B1C34CA2400D4A4B5 /* SlideUnlockAnimationTests.swift */,
				6569711D1C34CA2400D4A4B5 /* Info.plist */,
			);
			path = SlideUnlockAnimationTests;
			sourceTree = "<group>";
		};
		656971251C34CA2400D4A4B5 /* SlideUnlockAnimationUITests */ = {
			isa = PBXGroup;
			children = (
				656971261C34CA2400D4A4B5 /* SlideUnlockAnimationUITests.swift */,
				656971281C34CA2400D4A4B5 /* Info.plist */,
			);
			path = SlideUnlockAnimationUITests;
			sourceTree = "<group>";
		};
/* End PBXGroup section */

/* Begin PBXNativeTarget section */
		656971021C34CA2300D4A4B5 /* SlideUnlockAnimation */ = {
			isa = PBXNativeTarget;
			buildConfigurationList = 6569712B1C34CA2400D4A4B5 /* Build configuration list for PBXNativeTarget "SlideUnlockAnimation" */;
			buildPhases = (
				656970FF1C34CA2300D4A4B5 /* Sources */,
				656971001C34CA2300D4A4B5 /* Frameworks */,
				656971011C34CA2300D4A4B5 /* Resources */,
			);
			buildRules = (
			);
			dependencies = (
			);
			name = SlideUnlockAnimation;
			productName = SlideUnlockAnimation;
			productReference = 656971031C34CA2300D4A4B5 /* SlideUnlockAnimation.app */;
			productType = "com.apple.product-type.application";
		};
		656971161C34CA2400D4A4B5 /* SlideUnlockAnimationTests */ = {
			isa = PBXNativeTarget;
			buildConfigurationList = 6569712E1C34CA2400D4A4B5 /* Build configuration list for PBXNativeTarget "SlideUnlockAnimationTests" */;
			buildPhases = (
				656971131C34CA2400D4A4B5 /* Sources */,
				656971141C34CA2400D4A4B5 /* Frameworks */,
				656971151C34CA2400D4A4B5 /* Resources */,
			);
			buildRules = (
			);
			dependencies = (
				656971191C34CA2400D4A4B5 /* PBXTargetDependency */,
			);
			name = SlideUnlockAnimationTests;
			productName = SlideUnlockAnimationTests;
			productReference = 656971171C34CA2400D4A4B5 /* SlideUnlockAnimationTests.xctest */;
			productType = "com.apple.product-type.bundle.unit-test";
		};
		656971211C34CA2400D4A4B5 /* SlideUnlockAnimationUITests */ = {
			isa = PBXNativeTarget;
			buildConfigurationList = 656971311C34CA2400D4A4B5 /* Build configuration list for PBXNativeTarget "SlideUnlockAnimationUITests" */;
			buildPhases = (
				6569711E1C34CA2400D4A4B5 /* Sources */,
				6569711F1C34CA2400D4A4B5 /* Frameworks */,
				656971201C34CA2400D4A4B5 /* Resources */,
			);
			buildRules = (
			);
			dependencies = (
				656971241C34CA2400D4A4B5 /* PBXTargetDependency */,
			);
			name = SlideUnlockAnimationUITests;
			productName = SlideUnlockAnimationUITests;
			productReference = 656971221C34CA2400D4A4B5 /* SlideUnlockAnimationUITests.xctest */;
			productType = "com.apple.product-type.bundle.ui-testing";
		};
/* End PBXNativeTarget section */

/* Begin PBXProject section */
		656970FB1C34CA2300D4A4B5 /* Project object */ = {
			isa = PBXProject;
			attributes = {
				LastUpgradeCheck = 0700;
				ORGANIZATIONNAME = Daniel;
				TargetAttributes = {
					656971021C34CA2300D4A4B5 = {
						CreatedOnToolsVersion = 7.0;
					};
					656971161C34CA2400D4A4B5 = {
						CreatedOnToolsVersion = 7.0;
						TestTargetID = 656971021C34CA2300D4A4B5;
					};
					656971211C34CA2400D4A4B5 = {
						CreatedOnToolsVersion = 7.0;
						TestTargetID = 656971021C34CA2300D4A4B5;
					};
				};
			};
			buildConfigurationList = 656970FE1C34CA2300D4A4B5 /* Build configuration list for PBXProject "SlideUnlockAnimation" */;
			compatibilityVersion = "Xcode 3.2";
			developmentRegion = English;
			hasScannedForEncodings = 0;
			knownRegions = (
				en,
				Base,
			);
			mainGroup = 656970FA1C34CA2300D4A4B5;
			productRefGroup = 656971041C34CA2300D4A4B5 /* Products */;
			projectDirPath = "";
			projectRoot = "";
			targets = (
				656971021C34CA2300D4A4B5 /* SlideUnlockAnimation */,
				656971161C34CA2400D4A4B5 /* SlideUnlockAnimationTests */,
				656971211C34CA2400D4A4B5 /* SlideUnlockAnimationUITests */,
			);
		};
/* End PBXProject section */

/* Begin PBXResourcesBuildPhase section */
		656971011C34CA2300D4A4B5 /* Resources */ = {
			isa = PBXResourcesBuildPhase;
			buildActionMask = 2147483647;
			files = (
				656971111C34CA2300D4A4B5 /* LaunchScreen.storyboard in Resources */,
				6569710E1C34CA2300D4A4B5 /* Assets.xcassets in Resources */,
				6569710C1C34CA2300D4A4B5 /* Main.storyboard in Resources */,
			);
			runOnlyForDeploymentPostprocessing = 0;
		};
		656971151C34CA2400D4A4B5 /* Resources */ = {
			isa = PBXResourcesBuildPhase;
			buildActionMask = 2147483647;
			files = (
			);
			runOnlyForDeploymentPostprocessing = 0;
		};
		656971201C34CA2400D4A4B5 /* Resources */ = {
			isa = PBXResourcesBuildPhase;
			buildActionMask = 2147483647;
			files = (
			);
			runOnlyForDeploymentPostprocessing = 0;
		};
/* End PBXResourcesBuildPhase section */

/* Begin PBXSourcesBuildPhase section */
		656970FF1C34CA2300D4A4B5 /* Sources */ = {
			isa = PBXSourcesBuildPhase;
			buildActionMask = 2147483647;
			files = (
				656971091C34CA2300D4A4B5 /* ViewController.swift in Sources */,
				656971071C34CA2300D4A4B5 /* AppDelegate.swift in Sources */,
			);
			runOnlyForDeploymentPostprocessing = 0;
		};
		656971131C34CA2400D4A4B5 /* Sources */ = {
			isa = PBXSourcesBuildPhase;
			buildActionMask = 2147483647;
			files = (
				6569711C1C34CA2400D4A4B5 /* SlideUnlockAnimationTests.swift in Sources */,
			);
			runOnlyForDeploymentPostprocessing = 0;
		};
		6569711E1C34CA2400D4A4B5 /* Sources */ = {
			isa = PBXSourcesBuildPhase;
			buildActionMask = 2147483647;
			files = (
				656971271C34CA2400D4A4B5 /* SlideUnlockAnimationUITests.swift in Sources */,
			);
			runOnlyForDeploymentPostprocessing = 0;
		};
/* End PBXSourcesBuildPhase section */

/* Begin PBXTargetDependency section */
		656971191C34CA2400D4A4B5 /* PBXTargetDependency */ = {
			isa = PBXTargetDependency;
			target = 656971021C34CA2300D4A4B5 /* SlideUnlockAnimation */;
			targetProxy = 656971181C34CA2400D4A4B5 /* PBXContainerItemProxy */;
		};
		656971241C34CA2400D4A4B5 /* PBXTargetDependency */ = {
			isa = PBXTargetDependency;
			target = 656971021C34CA2300D4A4B5 /* SlideUnlockAnimation */;
			targetProxy = 656971231C34CA2400D4A4B5 /* PBXContainerItemProxy */;
		};
/* End PBXTargetDependency section */

/* Begin PBXVariantGroup section */
		6569710A1C34CA2300D4A4B5 /* Main.storyboard */ = {
			isa = PBXVariantGroup;
			children = (
				6569710B1C34CA2300D4A4B5 /* Base */,
			);
			name = Main.storyboard;
			sourceTree = "<group>";
		};
		6569710F1C34CA2300D4A4B5 /* LaunchScreen.storyboard */ = {
			isa = PBXVariantGroup;
			children = (
				656971101C34CA2300D4A4B5 /* Base */,
			);
			name = LaunchScreen.storyboard;
			sourceTree = "<group>";
		};
/* End PBXVariantGroup section */

/* Begin XCBuildConfiguration section */
		656971291C34CA2400D4A4B5 /* Debug */ = {
			isa = XCBuildConfiguration;
			buildSettings = {
				ALWAYS_SEARCH_USER_PATHS = NO;
				CLANG_CXX_LANGUAGE_STANDARD = "gnu++0x";
				CLANG_CXX_LIBRARY = "libc++";
				CLANG_ENABLE_MODULES = YES;
				CLANG_ENABLE_OBJC_ARC = YES;
				CLANG_WARN_BOOL_CONVERSION = YES;
				CLANG_WARN_CONSTANT_CONVERSION = YES;
				CLANG_WARN_DIRECT_OBJC_ISA_USAGE = YES_ERROR;
				CLANG_WARN_EMPTY_BODY = YES;
				CLANG_WARN_ENUM_CONVERSION = YES;
				CLANG_WARN_INT_CONVERSION = YES;
				CLANG_WARN_OBJC_ROOT_CLASS = YES_ERROR;
				CLANG_WARN_UNREACHABLE_CODE = YES;
				CLANG_WARN__DUPLICATE_METHOD_MATCH = YES;
				"CODE_SIGN_IDENTITY[sdk=iphoneos*]" = "iPhone Developer";
				COPY_PHASE_STRIP = NO;
				DEBUG_INFORMATION_FORMAT = dwarf;
				ENABLE_STRICT_OBJC_MSGSEND = YES;
				ENABLE_TESTABILITY = YES;
				GCC_C_LANGUAGE_STANDARD = gnu99;
				GCC_DYNAMIC_NO_PIC = NO;
				GCC_NO_COMMON_BLOCKS = YES;
				GCC_OPTIMIZATION_LEVEL = 0;
				GCC_PREPROCESSOR_DEFINITIONS = (
					"DEBUG=1",
					"$(inherited)",
				);
				GCC_WARN_64_TO_32_BIT_CONVERSION = YES;
				GCC_WARN_ABOUT_RETURN_TYPE = YES_ERROR;
				GCC_WARN_UNDECLARED_SELECTOR = YES;
				GCC_WARN_UNINITIALIZED_AUTOS = YES_AGGRESSIVE;
				GCC_WARN_UNUSED_FUNCTION = YES;
				GCC_WARN_UNUSED_VARIABLE = YES;
				IPHONEOS_DEPLOYMENT_TARGET = 9.0;
				MTL_ENABLE_DEBUG_INFO = YES;
				ONLY_ACTIVE_ARCH = YES;
				SDKROOT = iphoneos;
				SWIFT_OPTIMIZATION_LEVEL = "-Onone";
			};
			name = Debug;
		};
		6569712A1C34CA2400D4A4B5 /* Release */ = {
			isa = XCBuildConfiguration;
			buildSettings = {
				ALWAYS_SEARCH_USER_PATHS = NO;
				CLANG_CXX_LANGUAGE_STANDARD = "gnu++0x";
				CLANG_CXX_LIBRARY = "libc++";
				CLANG_ENABLE_MODULES = YES;
				CLANG_ENABLE_OBJC_ARC = YES;
				CLANG_WARN_BOOL_CONVERSION = YES;
				CLANG_WARN_CONSTANT_CONVERSION = YES;
				CLANG_WARN_DIRECT_OBJC_ISA_USAGE = YES_ERROR;
				CLANG_WARN_EMPTY_BODY = YES;
				CLANG_WARN_ENUM_CONVERSION = YES;
				CLANG_WARN_INT_CONVERSION = YES;
				CLANG_WARN_OBJC_ROOT_CLASS = YES_ERROR;
				CLANG_WARN_UNREACHABLE_CODE = YES;
				CLANG_WARN__DUPLICATE_METHOD_MATCH = YES;
				"CODE_SIGN_IDENTITY[sdk=iphoneos*]" = "iPhone Developer";
				COPY_PHASE_STRIP = NO;
				DEBUG_INFORMATION_FORMAT = "dwarf-with-dsym";
				ENABLE_NS_ASSERTIONS = NO;
				ENABLE_STRICT_OBJC_MSGSEND = YES;
				GCC_C_LANGUAGE_STANDARD = gnu99;
				GCC_NO_COMMON_BLOCKS = YES;
				GCC_WARN_64_TO_32_BIT_CONVERSION = YES;
				GCC_WARN_ABOUT_RETURN_TYPE = YES_ERROR;
				GCC_WARN_UNDECLARED_SELECTOR = YES;
				GCC_WARN_UNINITIALIZED_AUTOS = YES_AGGRESSIVE;
				GCC_WARN_UNUSED_FUNCTION = YES;
				GCC_WARN_UNUSED_VARIABLE = YES;
				IPHONEOS_DEPLOYMENT_TARGET = 9.0;
				MTL_ENABLE_DEBUG_INFO = NO;
				SDKROOT = iphoneos;
				VALIDATE_PRODUCT = YES;
			};
			name = Release;
		};
		6569712C1C34CA2400D4A4B5 /* Debug */ = {
			isa = XCBuildConfiguration;
			buildSettings = {
				ASSETCATALOG_COMPILER_APPICON_NAME = AppIcon;
				INFOPLIST_FILE = SlideUnlockAnimation/Info.plist;
				LD_RUNPATH_SEARCH_PATHS = "$(inherited) @executable_path/Frameworks";
				PRODUCT_BUNDLE_IDENTIFIER = "Yanyinghenmei-com.github.SlideUnlockAnimation";
				PRODUCT_NAME = "$(TARGET_NAME)";
			};
			name = Debug;
		};
		6569712D1C34CA2400D4A4B5 /* Release */ = {
			isa = XCBuildConfiguration;
			buildSettings = {
				ASSETCATALOG_COMPILER_APPICON_NAME = AppIcon;
				INFOPLIST_FILE = SlideUnlockAnimation/Info.plist;
				LD_RUNPATH_SEARCH_PATHS = "$(inherited) @executable_path/Frameworks";
				PRODUCT_BUNDLE_IDENTIFIER = "Yanyinghenmei-com.github.SlideUnlockAnimation";
				PRODUCT_NAME = "$(TARGET_NAME)";
			};
			name = Release;
		};
		6569712F1C34CA2400D4A4B5 /* Debug */ = {
			isa = XCBuildConfiguration;
			buildSettings = {
				BUNDLE_LOADER = "$(TEST_HOST)";
				INFOPLIST_FILE = SlideUnlockAnimationTests/Info.plist;
				LD_RUNPATH_SEARCH_PATHS = "$(inherited) @executable_path/Frameworks @loader_path/Frameworks";
				PRODUCT_BUNDLE_IDENTIFIER = "Yanyinghenmei-com.github.SlideUnlockAnimationTests";
				PRODUCT_NAME = "$(TARGET_NAME)";
				TEST_HOST = "$(BUILT_PRODUCTS_DIR)/SlideUnlockAnimation.app/SlideUnlockAnimation";
			};
			name = Debug;
		};
		656971301C34CA2400D4A4B5 /* Release */ = {
			isa = XCBuildConfiguration;
			buildSettings = {
				BUNDLE_LOADER = "$(TEST_HOST)";
				INFOPLIST_FILE = SlideUnlockAnimationTests/Info.plist;
				LD_RUNPATH_SEARCH_PATHS = "$(inherited) @executable_path/Frameworks @loader_path/Frameworks";
				PRODUCT_BUNDLE_IDENTIFIER = "Yanyinghenmei-com.github.SlideUnlockAnimationTests";
				PRODUCT_NAME = "$(TARGET_NAME)";
				TEST_HOST = "$(BUILT_PRODUCTS_DIR)/SlideUnlockAnimation.app/SlideUnlockAnimation";
			};
			name = Release;
		};
		656971321C34CA2400D4A4B5 /* Debug */ = {
			isa = XCBuildConfiguration;
			buildSettings = {
				INFOPLIST_FILE = SlideUnlockAnimationUITests/Info.plist;
				LD_RUNPATH_SEARCH_PATHS = "$(inherited) @executable_path/Frameworks @loader_path/Frameworks";
				PRODUCT_BUNDLE_IDENTIFIER = "Yanyinghenmei-com.github.SlideUnlockAnimationUITests";
				PRODUCT_NAME = "$(TARGET_NAME)";
				TEST_TARGET_NAME = SlideUnlockAnimation;
				USES_XCTRUNNER = YES;
			};
			name = Debug;
		};
		656971331C34CA2400D4A4B5 /* Release */ = {
			isa = XCBuildConfiguration;
			buildSettings = {
				INFOPLIST_FILE = SlideUnlockAnimationUITests/Info.plist;
				LD_RUNPATH_SEARCH_PATHS = "$(inherited) @executable_path/Frameworks @loader_path/Frameworks";
				PRODUCT_BUNDLE_IDENTIFIER = "Yanyinghenmei-com.github.SlideUnlockAnimationUITests";
				PRODUCT_NAME = "$(TARGET_NAME)";
				TEST_TARGET_NAME = SlideUnlockAnimation;
				USES_XCTRUNNER = YES;
			};
			name = Release;
		};
/* End XCBuildConfiguration section */

/* Begin XCConfigurationList section */
		656970FE1C34CA2300D4A4B5 /* Build configuration list for PBXProject "SlideUnlockAnimation" */ = {
			isa = XCConfigurationList;
			buildConfigurations = (
				656971291C34CA2400D4A4B5 /* Debug */,
				6569712A1C34CA2400D4A4B5 /* Release */,
			);
			defaultConfigurationIsVisible = 0;
			defaultConfigurationName = Release;
		};
		6569712B1C34CA2400D4A4B5 /* Build configuration list for PBXNativeTarget "SlideUnlockAnimation" */ = {
			isa = XCConfigurationList;
			buildConfigurations = (
				6569712C1C34CA2400D4A4B5 /* Debug */,
				6569712D1C34CA2400D4A4B5 /* Release */,
			);
			defaultConfigurationIsVisible = 0;
		};
		6569712E1C34CA2400D4A4B5 /* Build configuration list for PBXNativeTarget "SlideUnlockAnimationTests" */ = {
			isa = XCConfigurationList;
			buildConfigurations = (
				6569712F1C34CA2400D4A4B5 /* Debug */,
				656971301C34CA2400D4A4B5 /* Release */,
			);
			defaultConfigurationIsVisible = 0;
		};
		656971311C34CA2400D4A4B5 /* Build configuration list for PBXNativeTarget "SlideUnlockAnimationUITests" */ = {
			isa = XCConfigurationList;
			buildConfigurations = (
				656971321C34CA2400D4A4B5 /* Debug */,
				656971331C34CA2400D4A4B5 /* Release */,
			);
			defaultConfigurationIsVisible = 0;
		};
/* End XCConfigurationList section */
	};
	rootObject = 656970FB1C34CA2300D4A4B5 /* Project object */;
}
